
Microsoft Visual Studio Solution File, Format Version 12.00
# Visual Studio Version 17
VisualStudioVersion = 17.0.32014.148
MinimumVisualStudioVersion = 10.0.40219.1
Project("{FAE04EC0-301F-11D3-BF4B-00C04F79EFBC}") = "Curso.NetAngular", "Curso.NetAngular\Curso.NetAngular.csproj", "{C64E1166-4F9B-4594-98C3-E4DF468EA099}"
EndProject
Global
	GlobalSection(SolutionConfigurationPlatforms) = preSolution
		Debug|Any CPU = Debug|Any CPU
		Release|Any CPU = Release|Any CPU
	EndGlobalSection
	GlobalSection(ProjectConfigurationPlatforms) = postSolution
		{C64E1166-4F9B-4594-98C3-E4DF468EA099}.Debug|Any CPU.ActiveCfg = Debug|Any CPU
		{C64E1166-4F9B-4594-98C3-E4DF468EA099}.Debug|Any CPU.Build.0 = Debug|Any CPU
		{C64E1166-4F9B-4594-98C3-E4DF468EA099}.Release|Any CPU.ActiveCfg = Release|Any CPU
		{C64E1166-4F9B-4594-98C3-E4DF468EA099}.Release|Any CPU.Build.0 = Release|Any CPU
	EndGlobalSection
	GlobalSection(SolutionProperties) = preSolution
		HideSolutionNode = FALSE
	EndGlobalSection
	GlobalSection(ExtensibilityGlobals) = postSolution
		SolutionGuid = {01030850-0E6C-45D9-9D2C-65DDBBE28F7D}
	EndGlobalSection
EndGlobal
